// !$*UTF8*$!
{
	archiveVersion = 1;
	classes = {
	};
	objectVersion = 50;
	objects = {

/* Begin PBXBuildFile section */
		A64B551920D4B29C000FB8E5 /* AppDelegate.swift in Sources */ = {isa = PBXBuildFile; fileRef = A64B551820D4B29C000FB8E5 /* AppDelegate.swift */; };
		A64B551B20D4B29C000FB8E5 /* WeatherViewController.swift in Sources */ = {isa = PBXBuildFile; fileRef = A64B551A20D4B29C000FB8E5 /* WeatherViewController.swift */; };
		A64B551E20D4B29C000FB8E5 /* Main.storyboard in Resources */ = {isa = PBXBuildFile; fileRef = A64B551C20D4B29C000FB8E5 /* Main.storyboard */; };
		A64B552020D4B29E000FB8E5 /* Assets.xcassets in Resources */ = {isa = PBXBuildFile; fileRef = A64B551F20D4B29E000FB8E5 /* Assets.xcassets */; };
		A64B552320D4B29E000FB8E5 /* LaunchScreen.storyboard in Resources */ = {isa = PBXBuildFile; fileRef = A64B552120D4B29E000FB8E5 /* LaunchScreen.storyboard */; };
		A64B552B20D4B9B3000FB8E5 /* GCDBlackBox.swift in Sources */ = {isa = PBXBuildFile; fileRef = A64B552A20D4B9B3000FB8E5 /* GCDBlackBox.swift */; };
		A64BD51720D5CA490092E2B8 /* DarkSkyClient.swift in Sources */ = {isa = PBXBuildFile; fileRef = A64BD51620D5CA490092E2B8 /* DarkSkyClient.swift */; };
		A64BD51C20D5CE7D0092E2B8 /* DarkSkyConstants.swift in Sources */ = {isa = PBXBuildFile; fileRef = A64BD51B20D5CE7D0092E2B8 /* DarkSkyConstants.swift */; };
		A64BD51E20D5CEDE0092E2B8 /* DarkSkyHelpers.swift in Sources */ = {isa = PBXBuildFile; fileRef = A64BD51D20D5CEDE0092E2B8 /* DarkSkyHelpers.swift */; };
		A678D3D120D5B74C005A011F /* CoreLocation.framework in Frameworks */ = {isa = PBXBuildFile; fileRef = A678D3D020D5B74C005A011F /* CoreLocation.framework */; };
/* End PBXBuildFile section */

/* Begin PBXFileReference section */
		A64B551520D4B29C000FB8E5 /* Todo1_prueba_técnica.app */ = {isa = PBXFileReference; explicitFileType = wrapper.application; includeInIndex = 0; path = "Todo1_prueba_técnica.app"; sourceTree = BUILT_PRODUCTS_DIR; };
		A64B551820D4B29C000FB8E5 /* AppDelegate.swift */ = {isa = PBXFileReference; lastKnownFileType = sourcecode.swift; path = AppDelegate.swift; sourceTree = "<group>"; };
		A64B551A20D4B29C000FB8E5 /* WeatherViewController.swift */ = {isa = PBXFileReference; lastKnownFileType = sourcecode.swift; path = WeatherViewController.swift; sourceTree = "<group>"; };
		A64B551D20D4B29C000FB8E5 /* Base */ = {isa = PBXFileReference; lastKnownFileType = file.storyboard; name = Base; path = Base.lproj/Main.storyboard; sourceTree = "<group>"; };
		A64B551F20D4B29E000FB8E5 /* Assets.xcassets */ = {isa = PBXFileReference; lastKnownFileType = folder.assetcatalog; path = Assets.xcassets; sourceTree = "<group>"; };
		A64B552220D4B29E000FB8E5 /* Base */ = {isa = PBXFileReference; lastKnownFileType = file.storyboard; name = Base; path = Base.lproj/LaunchScreen.storyboard; sourceTree = "<group>"; };
		A64B552420D4B29E000FB8E5 /* Info.plist */ = {isa = PBXFileReference; lastKnownFileType = text.plist.xml; path = Info.plist; sourceTree = "<group>"; };
		A64B552A20D4B9B3000FB8E5 /* GCDBlackBox.swift */ = {isa = PBXFileReference; lastKnownFileType = sourcecode.swift; path = GCDBlackBox.swift; sourceTree = "<group>"; };
		A64BD51620D5CA490092E2B8 /* DarkSkyClient.swift */ = {isa = PBXFileReference; lastKnownFileType = sourcecode.swift; path = DarkSkyClient.swift; sourceTree = "<group>"; };
		A64BD51B20D5CE7D0092E2B8 /* DarkSkyConstants.swift */ = {isa = PBXFileReference; lastKnownFileType = sourcecode.swift; path = DarkSkyConstants.swift; sourceTree = "<group>"; };
		A64BD51D20D5CEDE0092E2B8 /* DarkSkyHelpers.swift */ = {isa = PBXFileReference; lastKnownFileType = sourcecode.swift; path = DarkSkyHelpers.swift; sourceTree = "<group>"; };
		A678D3D020D5B74C005A011F /* CoreLocation.framework */ = {isa = PBXFileReference; lastKnownFileType = wrapper.framework; name = CoreLocation.framework; path = System/Library/Frameworks/CoreLocation.framework; sourceTree = SDKROOT; };
/* End PBXFileReference section */

/* Begin PBXFrameworksBuildPhase section */
		A64B551220D4B29C000FB8E5 /* Frameworks */ = {
			isa = PBXFrameworksBuildPhase;
			buildActionMask = 2147483647;
			files = (
				A678D3D120D5B74C005A011F /* CoreLocation.framework in Frameworks */,
			);
			runOnlyForDeploymentPostprocessing = 0;
		};
/* End PBXFrameworksBuildPhase section */

/* Begin PBXGroup section */
		A64B550C20D4B29C000FB8E5 = {
			isa = PBXGroup;
			children = (
				A64B551720D4B29C000FB8E5 /* Todo1_prueba_técnica */,
				A64B551620D4B29C000FB8E5 /* Products */,
				A678D3CF20D5B74C005A011F /* Frameworks */,
			);
			sourceTree = "<group>";
		};
		A64B551620D4B29C000FB8E5 /* Products */ = {
			isa = PBXGroup;
			children = (
				A64B551520D4B29C000FB8E5 /* Todo1_prueba_técnica.app */,
			);
			name = Products;
			sourceTree = "<group>";
		};
		A64B551720D4B29C000FB8E5 /* Todo1_prueba_técnica */ = {
			isa = PBXGroup;
			children = (
				A64B551820D4B29C000FB8E5 /* AppDelegate.swift */,
				A64B552A20D4B9B3000FB8E5 /* GCDBlackBox.swift */,
				A64BD51820D5CA740092E2B8 /* storyboards */,
				A64BD51920D5CA900092E2B8 /* controller */,
				A64BD51A20D5CA9A0092E2B8 /* networking */,
				A64B551F20D4B29E000FB8E5 /* Assets.xcassets */,
				A64B552120D4B29E000FB8E5 /* LaunchScreen.storyboard */,
				A64B552420D4B29E000FB8E5 /* Info.plist */,
			);
			path = "Todo1_prueba_técnica";
			sourceTree = "<group>";
		};
		A64BD51820D5CA740092E2B8 /* storyboards */ = {
			isa = PBXGroup;
			children = (
				A64B551C20D4B29C000FB8E5 /* Main.storyboard */,
			);
			path = storyboards;
			sourceTree = "<group>";
		};
		A64BD51920D5CA900092E2B8 /* controller */ = {
			isa = PBXGroup;
			children = (
				A64B551A20D4B29C000FB8E5 /* WeatherViewController.swift */,
			);
			path = controller;
			sourceTree = "<group>";
		};
		A64BD51A20D5CA9A0092E2B8 /* networking */ = {
			isa = PBXGroup;
			children = (
				A64BD51620D5CA490092E2B8 /* DarkSkyClient.swift */,
				A64BD51B20D5CE7D0092E2B8 /* DarkSkyConstants.swift */,
				A64BD51D20D5CEDE0092E2B8 /* DarkSkyHelpers.swift */,
			);
			path = networking;
			sourceTree = "<group>";
		};
		A678D3CF20D5B74C005A011F /* Frameworks */ = {
			isa = PBXGroup;
			children = (
				A678D3D020D5B74C005A011F /* CoreLocation.framework */,
			);
			name = Frameworks;
			sourceTree = "<group>";
		};
/* End PBXGroup section */

/* Begin PBXNativeTarget section */
		A64B551420D4B29C000FB8E5 /* Todo1_prueba_técnica */ = {
			isa = PBXNativeTarget;
			buildConfigurationList = A64B552720D4B29E000FB8E5 /* Build configuration list for PBXNativeTarget "Todo1_prueba_técnica" */;
			buildPhases = (
				A64B551120D4B29C000FB8E5 /* Sources */,
				A64B551220D4B29C000FB8E5 /* Frameworks */,
				A64B551320D4B29C000FB8E5 /* Resources */,
			);
			buildRules = (
			);
			dependencies = (
			);
			name = "Todo1_prueba_técnica";
			productName = "Todo1_prueba_técnica";
			productReference = A64B551520D4B29C000FB8E5 /* Todo1_prueba_técnica.app */;
			productType = "com.apple.product-type.application";
		};
/* End PBXNativeTarget section */

/* Begin PBXProject section */
		A64B550D20D4B29C000FB8E5 /* Project object */ = {
			isa = PBXProject;
			attributes = {
				LastSwiftUpdateCheck = 0930;
				LastUpgradeCheck = 0930;
				ORGANIZATIONNAME = luko;
				TargetAttributes = {
					A64B551420D4B29C000FB8E5 = {
						CreatedOnToolsVersion = 9.3;
					};
				};
			};
			buildConfigurationList = A64B551020D4B29C000FB8E5 /* Build configuration list for PBXProject "Todo1_prueba_técnica" */;
			compatibilityVersion = "Xcode 9.3";
			developmentRegion = en;
			hasScannedForEncodings = 0;
			knownRegions = (
				en,
				Base,
			);
			mainGroup = A64B550C20D4B29C000FB8E5;
			productRefGroup = A64B551620D4B29C000FB8E5 /* Products */;
			projectDirPath = "";
			projectRoot = "";
			targets = (
				A64B551420D4B29C000FB8E5 /* Todo1_prueba_técnica */,
			);
		};
/* End PBXProject section */

/* Begin PBXResourcesBuildPhase section */
		A64B551320D4B29C000FB8E5 /* Resources */ = {
			isa = PBXResourcesBuildPhase;
			buildActionMask = 2147483647;
			files = (
				A64B552320D4B29E000FB8E5 /* LaunchScreen.storyboard in Resources */,
				A64B552020D4B29E000FB8E5 /* Assets.xcassets in Resources */,
				A64B551E20D4B29C000FB8E5 /* Main.storyboard in Resources */,
			);
			runOnlyForDeploymentPostprocessing = 0;
		};
/* End PBXResourcesBuildPhase section */

/* Begin PBXSourcesBuildPhase section */
		A64B551120D4B29C000FB8E5 /* Sources */ = {
			isa = PBXSourcesBuildPhase;
			buildActionMask = 2147483647;
			files = (
				A64B551B20D4B29C000FB8E5 /* WeatherViewController.swift in Sources */,
				A64B552B20D4B9B3000FB8E5 /* GCDBlackBox.swift in Sources */,
				A64BD51720D5CA490092E2B8 /* DarkSkyClient.swift in Sources */,
				A64BD51E20D5CEDE0092E2B8 /* DarkSkyHelpers.swift in Sources */,
				A64B551920D4B29C000FB8E5 /* AppDelegate.swift in Sources */,
				A64BD51C20D5CE7D0092E2B8 /* DarkSkyConstants.swift in Sources */,
			);
			runOnlyForDeploymentPostprocessing = 0;
		};
/* End PBXSourcesBuildPhase section */

/* Begin PBXVariantGroup section */
		A64B551C20D4B29C000FB8E5 /* Main.storyboard */ = {
			isa = PBXVariantGroup;
			children = (
				A64B551D20D4B29C000FB8E5 /* Base */,
			);
			name = Main.storyboard;
			sourceTree = "<group>";
		};
		A64B552120D4B29E000FB8E5 /* LaunchScreen.storyboard */ = {
			isa = PBXVariantGroup;
			children = (
				A64B552220D4B29E000FB8E5 /* Base */,
			);
			name = LaunchScreen.storyboard;
			sourceTree = "<group>";
		};
/* End PBXVariantGroup section */

/* Begin XCBuildConfiguration section */
		A64B552520D4B29E000FB8E5 /* Debug */ = {
			isa = XCBuildConfiguration;
			buildSettings = {
				ALWAYS_SEARCH_USER_PATHS = NO;
				CLANG_ANALYZER_NONNULL = YES;
				CLANG_ANALYZER_NUMBER_OBJECT_CONVERSION = YES_AGGRESSIVE;
				CLANG_CXX_LANGUAGE_STANDARD = "gnu++14";
				CLANG_CXX_LIBRARY = "libc++";
				CLANG_ENABLE_MODULES = YES;
				CLANG_ENABLE_OBJC_ARC = YES;
				CLANG_ENABLE_OBJC_WEAK = YES;
				CLANG_WARN_BLOCK_CAPTURE_AUTORELEASING = YES;
				CLANG_WARN_BOOL_CONVERSION = YES;
				CLANG_WARN_COMMA = YES;
				CLANG_WARN_CONSTANT_CONVERSION = YES;
				CLANG_WARN_DEPRECATED_OBJC_IMPLEMENTATIONS = YES;
				CLANG_WARN_DIRECT_OBJC_ISA_USAGE = YES_ERROR;
				CLANG_WARN_DOCUMENTATION_COMMENTS = YES;
				CLANG_WARN_EMPTY_BODY = YES;
				CLANG_WARN_ENUM_CONVERSION = YES;
				CLANG_WARN_INFINITE_RECURSION = YES;
				CLANG_WARN_INT_CONVERSION = YES;
				CLANG_WARN_NON_LITERAL_NULL_CONVERSION = YES;
				CLANG_WARN_OBJC_IMPLICIT_RETAIN_SELF = YES;
				CLANG_WARN_OBJC_LITERAL_CONVERSION = YES;
				CLANG_WARN_OBJC_ROOT_CLASS = YES_ERROR;
				CLANG_WARN_RANGE_LOOP_ANALYSIS = YES;
				CLANG_WARN_STRICT_PROTOTYPES = YES;
				CLANG_WARN_SUSPICIOUS_MOVE = YES;
				CLANG_WARN_UNGUARDED_AVAILABILITY = YES_AGGRESSIVE;
				CLANG_WARN_UNREACHABLE_CODE = YES;
				CLANG_WARN__DUPLICATE_METHOD_MATCH = YES;
				CODE_SIGN_IDENTITY = "iPhone Developer";
				COPY_PHASE_STRIP = NO;
				DEBUG_INFORMATION_FORMAT = dwarf;
				ENABLE_STRICT_OBJC_MSGSEND = YES;
				ENABLE_TESTABILITY = YES;
				GCC_C_LANGUAGE_STANDARD = gnu11;
				GCC_DYNAMIC_NO_PIC = NO;
				GCC_NO_COMMON_BLOCKS = YES;
				GCC_OPTIMIZATION_LEVEL = 0;
				GCC_PREPROCESSOR_DEFINITIONS = (
					"DEBUG=1",
					"$(inherited)",
				);
				GCC_WARN_64_TO_32_BIT_CONVERSION = YES;
				GCC_WARN_ABOUT_RETURN_TYPE = YES_ERROR;
				GCC_WARN_UNDECLARED_SELECTOR = YES;
				GCC_WARN_UNINITIALIZED_AUTOS = YES_AGGRESSIVE;
				GCC_WARN_UNUSED_FUNCTION = YES;
				GCC_WARN_UNUSED_VARIABLE = YES;
				IPHONEOS_DEPLOYMENT_TARGET = 11.3;
				MTL_ENABLE_DEBUG_INFO = YES;
				ONLY_ACTIVE_ARCH = YES;
				SDKROOT = iphoneos;
				SWIFT_ACTIVE_COMPILATION_CONDITIONS = DEBUG;
				SWIFT_OPTIMIZATION_LEVEL = "-Onone";
			};
			name = Debug;
		};
		A64B552620D4B29E000FB8E5 /* Release */ = {
			isa = XCBuildConfiguration;
			buildSettings = {
				ALWAYS_SEARCH_USER_PATHS = NO;
				CLANG_ANALYZER_NONNULL = YES;
				CLANG_ANALYZER_NUMBER_OBJECT_CONVERSION = YES_AGGRESSIVE;
				CLANG_CXX_LANGUAGE_STANDARD = "gnu++14";
				CLANG_CXX_LIBRARY = "libc++";
				CLANG_ENABLE_MODULES = YES;
				CLANG_ENABLE_OBJC_ARC = YES;
				CLANG_ENABLE_OBJC_WEAK = YES;
				CLANG_WARN_BLOCK_CAPTURE_AUTORELEASING = YES;
				CLANG_WARN_BOOL_CONVERSION = YES;
				CLANG_WARN_COMMA = YES;
				CLANG_WARN_CONSTANT_CONVERSION = YES;
				CLANG_WARN_DEPRECATED_OBJC_IMPLEMENTATIONS = YES;
				CLANG_WARN_DIRECT_OBJC_ISA_USAGE = YES_ERROR;
				CLANG_WARN_DOCUMENTATION_COMMENTS = YES;
				CLANG_WARN_EMPTY_BODY = YES;
				CLANG_WARN_ENUM_CONVERSION = YES;
				CLANG_WARN_INFINITE_RECURSION = YES;
				CLANG_WARN_INT_CONVERSION = YES;
				CLANG_WARN_NON_LITERAL_NULL_CONVERSION = YES;
				CLANG_WARN_OBJC_IMPLICIT_RETAIN_SELF = YES;
				CLANG_WARN_OBJC_LITERAL_CONVERSION = YES;
				CLANG_WARN_OBJC_ROOT_CLASS = YES_ERROR;
				CLANG_WARN_RANGE_LOOP_ANALYSIS = YES;
				CLANG_WARN_STRICT_PROTOTYPES = YES;
				CLANG_WARN_SUSPICIOUS_MOVE = YES;
				CLANG_WARN_UNGUARDED_AVAILABILITY = YES_AGGRESSIVE;
				CLANG_WARN_UNREACHABLE_CODE = YES;
				CLANG_WARN__DUPLICATE_METHOD_MATCH = YES;
				CODE_SIGN_IDENTITY = "iPhone Developer";
				COPY_PHASE_STRIP = NO;
				DEBUG_INFORMATION_FORMAT = "dwarf-with-dsym";
				ENABLE_NS_ASSERTIONS = NO;
				ENABLE_STRICT_OBJC_MSGSEND = YES;
				GCC_C_LANGUAGE_STANDARD = gnu11;
				GCC_NO_COMMON_BLOCKS = YES;
				GCC_WARN_64_TO_32_BIT_CONVERSION = YES;
				GCC_WARN_ABOUT_RETURN_TYPE = YES_ERROR;
				GCC_WARN_UNDECLARED_SELECTOR = YES;
				GCC_WARN_UNINITIALIZED_AUTOS = YES_AGGRESSIVE;
				GCC_WARN_UNUSED_FUNCTION = YES;
				GCC_WARN_UNUSED_VARIABLE = YES;
				IPHONEOS_DEPLOYMENT_TARGET = 11.3;
				MTL_ENABLE_DEBUG_INFO = NO;
				SDKROOT = iphoneos;
				SWIFT_COMPILATION_MODE = wholemodule;
				SWIFT_OPTIMIZATION_LEVEL = "-O";
				VALIDATE_PRODUCT = YES;
			};
			name = Release;
		};
		A64B552820D4B29E000FB8E5 /* Debug */ = {
			isa = XCBuildConfiguration;
			buildSettings = {
				ASSETCATALOG_COMPILER_APPICON_NAME = AppIcon;
				CODE_SIGN_STYLE = Automatic;
				DEVELOPMENT_TEAM = QE68JBKWWB;
				INFOPLIST_FILE = "Todo1_prueba_técnica/Info.plist";
				IPHONEOS_DEPLOYMENT_TARGET = 9.0;
				LD_RUNPATH_SEARCH_PATHS = (
					"$(inherited)",
					"@executable_path/Frameworks",
				);
				PRODUCT_BUNDLE_IDENTIFIER = "com.luko.Todo1-prueba-te-cnica";
				PRODUCT_NAME = "$(TARGET_NAME)";
				SWIFT_VERSION = 4.0;
				TARGETED_DEVICE_FAMILY = "1,2";
			};
			name = Debug;
		};
		A64B552920D4B29E000FB8E5 /* Release */ = {
			isa = XCBuildConfiguration;
			buildSettings = {
				ASSETCATALOG_COMPILER_APPICON_NAME = AppIcon;
				CODE_SIGN_STYLE = Automatic;
				DEVELOPMENT_TEAM = QE68JBKWWB;
				INFOPLIST_FILE = "Todo1_prueba_técnica/Info.plist";
				IPHONEOS_DEPLOYMENT_TARGET = 9.0;
				LD_RUNPATH_SEARCH_PATHS = (
					"$(inherited)",
					"@executable_path/Frameworks",
				);
				PRODUCT_BUNDLE_IDENTIFIER = "com.luko.Todo1-prueba-te-cnica";
				PRODUCT_NAME = "$(TARGET_NAME)";
				SWIFT_VERSION = 4.0;
				TARGETED_DEVICE_FAMILY = "1,2";
			};
			name = Release;
		};
/* End XCBuildConfiguration section */

/* Begin XCConfigurationList section */
		A64B551020D4B29C000FB8E5 /* Build configuration list for PBXProject "Todo1_prueba_técnica" */ = {
			isa = XCConfigurationList;
			buildConfigurations = (
				A64B552520D4B29E000FB8E5 /* Debug */,
				A64B552620D4B29E000FB8E5 /* Release */,
			);
			defaultConfigurationIsVisible = 0;
			defaultConfigurationName = Release;
		};
		A64B552720D4B29E000FB8E5 /* Build configuration list for PBXNativeTarget "Todo1_prueba_técnica" */ = {
			isa = XCConfigurationList;
			buildConfigurations = (
				A64B552820D4B29E000FB8E5 /* Debug */,
				A64B552920D4B29E000FB8E5 /* Release */,
			);
			defaultConfigurationIsVisible = 0;
			defaultConfigurationName = Release;
		};
/* End XCConfigurationList section */
	};
	rootObject = A64B550D20D4B29C000FB8E5 /* Project object */;
}
